
Microsoft Visual Studio Solution File, Format Version 12.00
# Visual Studio Version 16
VisualStudioVersion = 16.0.29613.14
MinimumVisualStudioVersion = 10.0.40219.1
Project("{FAE04EC0-301F-11D3-BF4B-00C04F79EFBC}") = "ThisPC", "ThisPC\ThisPC.csproj", "{CB98A037-93AF-4ED8-A74F-318F6F740065}"
EndProject
Global
	GlobalSection(SolutionConfigurationPlatforms) = preSolution
		Debug|Any CPU = Debug|Any CPU
		Debug|x64 = Debug|x64
		Debug|x86 = Debug|x86
		Release|Any CPU = Release|Any CPU
		Release|x64 = Release|x64
		Release|x86 = Release|x86
	EndGlobalSection
	GlobalSection(ProjectConfigurationPlatforms) = postSolution
		{CB98A037-93AF-4ED8-A74F-318F6F740065}.Debug|Any CPU.ActiveCfg = Debug|Any CPU
		{CB98A037-93AF-4ED8-A74F-318F6F740065}.Debug|Any CPU.Build.0 = Debug|Any CPU
		{CB98A037-93AF-4ED8-A74F-318F6F740065}.Debug|x64.ActiveCfg = Debug|x64
		{CB98A037-93AF-4ED8-A74F-318F6F740065}.Debug|x64.Build.0 = Debug|x64
		{CB98A037-93AF-4ED8-A74F-318F6F740065}.Debug|x86.ActiveCfg = Debug|x86
		{CB98A037-93AF-4ED8-A74F-318F6F740065}.Debug|x86.Build.0 = Debug|x86
		{CB98A037-93AF-4ED8-A74F-318F6F740065}.Release|Any CPU.ActiveCfg = Release|Any CPU
		{CB98A037-93AF-4ED8-A74F-318F6F740065}.Release|Any CPU.Build.0 = Release|Any CPU
		{CB98A037-93AF-4ED8-A74F-318F6F740065}.Release|x64.ActiveCfg = Release|x64
		{CB98A037-93AF-4ED8-A74F-318F6F740065}.Release|x64.Build.0 = Release|x64
		{CB98A037-93AF-4ED8-A74F-318F6F740065}.Release|x86.ActiveCfg = Release|x86
		{CB98A037-93AF-4ED8-A74F-318F6F740065}.Release|x86.Build.0 = Release|x86
	EndGlobalSection
	GlobalSection(SolutionProperties) = preSolution
		HideSolutionNode = FALSE
	EndGlobalSection
	GlobalSection(ExtensibilityGlobals) = postSolution
		SolutionGuid = {9178930C-0309-4FD8-9F9A-5A75E943E6C4}
	EndGlobalSection
EndGlobal
